
Microsoft Visual Studio Solution File, Format Version 12.00
# Visual Studio 15
VisualStudioVersion = 15.0.27130.2027
MinimumVisualStudioVersion = 10.0.40219.1
Project("{FAE04EC0-301F-11D3-BF4B-00C04F79EFBC}") = "Survey", "Survey\Survey.csproj", "{4A2DE91C-D2CA-45D4-86E1-D291D79AFD97}"
EndProject
Project("{FAE04EC0-301F-11D3-BF4B-00C04F79EFBC}") = "SurveyWeb", "SurveyWeb\SurveyWeb.csproj", "{7051F388-AFA8-408B-8A62-DD7353BBAAC6}"
EndProject
Global
	GlobalSection(SolutionConfigurationPlatforms) = preSolution
		Debug|Any CPU = Debug|Any CPU
		Release|Any CPU = Release|Any CPU
	EndGlobalSection
	GlobalSection(ProjectConfigurationPlatforms) = postSolution
		{4A2DE91C-D2CA-45D4-86E1-D291D79AFD97}.Debug|Any CPU.ActiveCfg = Debug|Any CPU
		{4A2DE91C-D2CA-45D4-86E1-D291D79AFD97}.Debug|Any CPU.Build.0 = Debug|Any CPU
		{4A2DE91C-D2CA-45D4-86E1-D291D79AFD97}.Release|Any CPU.ActiveCfg = Release|Any CPU
		{4A2DE91C-D2CA-45D4-86E1-D291D79AFD97}.Release|Any CPU.Build.0 = Release|Any CPU
		{7051F388-AFA8-408B-8A62-DD7353BBAAC6}.Debug|Any CPU.ActiveCfg = Debug|Any CPU
		{7051F388-AFA8-408B-8A62-DD7353BBAAC6}.Debug|Any CPU.Build.0 = Debug|Any CPU
		{7051F388-AFA8-408B-8A62-DD7353BBAAC6}.Release|Any CPU.ActiveCfg = Release|Any CPU
		{7051F388-AFA8-408B-8A62-DD7353BBAAC6}.Release|Any CPU.Build.0 = Release|Any CPU
	EndGlobalSection
	GlobalSection(SolutionProperties) = preSolution
		HideSolutionNode = FALSE
	EndGlobalSection
	GlobalSection(ExtensibilityGlobals) = postSolution
		SolutionGuid = {BBB46D1A-4ACF-483A-A4C7-799E0FF4CC50}
	EndGlobalSection
EndGlobal
